
Microsoft Visual Studio Solution File, Format Version 12.00
# Visual Studio Version 17
VisualStudioVersion = 17.1.32414.318
MinimumVisualStudioVersion = 10.0.40219.1
Project("{FAE04EC0-301F-11D3-BF4B-00C04F79EFBC}") = "Expr1", "Expr1\Expr1.csproj", "{D6E2F1C7-BE31-4D99-B703-330F5589BCC6}"
EndProject
Project("{2150E333-8FDC-42A3-9474-1A3956D46DE8}") = "Solution Items", "Solution Items", "{B6035B93-E1A3-4D5C-949C-434E42F9CBF2}"
	ProjectSection(SolutionItems) = preProject
		Tasks.txt = Tasks.txt
	EndProjectSection
EndProject
Global
	GlobalSection(SolutionConfigurationPlatforms) = preSolution
		Debug|Any CPU = Debug|Any CPU
		Release|Any CPU = Release|Any CPU
	EndGlobalSection
	GlobalSection(ProjectConfigurationPlatforms) = postSolution
		{D6E2F1C7-BE31-4D99-B703-330F5589BCC6}.Debug|Any CPU.ActiveCfg = Debug|Any CPU
		{D6E2F1C7-BE31-4D99-B703-330F5589BCC6}.Debug|Any CPU.Build.0 = Debug|Any CPU
		{D6E2F1C7-BE31-4D99-B703-330F5589BCC6}.Release|Any CPU.ActiveCfg = Release|Any CPU
		{D6E2F1C7-BE31-4D99-B703-330F5589BCC6}.Release|Any CPU.Build.0 = Release|Any CPU
	EndGlobalSection
	GlobalSection(SolutionProperties) = preSolution
		HideSolutionNode = FALSE
	EndGlobalSection
	GlobalSection(ExtensibilityGlobals) = postSolution
		SolutionGuid = {1D764E5D-48F0-4F5A-996D-83532E88C3B2}
	EndGlobalSection
EndGlobal
